
Microsoft Visual Studio Solution File, Format Version 12.00
# Visual Studio 15
VisualStudioVersion = 15.0.28010.2026
MinimumVisualStudioVersion = 10.0.40219.1
Project("{FAE04EC0-301F-11D3-BF4B-00C04F79EFBC}") = "TeduShop.Common", "TeduShop.Common\TeduShop.Common.csproj", "{429FD4CF-1F04-41D2-BC33-4BF84948EF74}"
EndProject
Project("{FAE04EC0-301F-11D3-BF4B-00C04F79EFBC}") = "TeduShop.Model", "TeduShop.Model\TeduShop.Model.csproj", "{09BC2FCE-A174-4596-88E1-8AF3D1DAB59F}"
EndProject
Project("{FAE04EC0-301F-11D3-BF4B-00C04F79EFBC}") = "TeduShop.Data", "TeduShop.Data\TeduShop.Data.csproj", "{AE426257-FA9B-42EC-85E9-6568F2A31A40}"
EndProject
Project("{FAE04EC0-301F-11D3-BF4B-00C04F79EFBC}") = "TeduShop.Service", "TeduShop.Service\TeduShop.Service.csproj", "{5629EC2E-B2A3-4802-816E-E3B3EE6D9422}"
EndProject
Project("{FAE04EC0-301F-11D3-BF4B-00C04F79EFBC}") = "TeduShop.Web", "TeduShop.Web\TeduShop.Web.csproj", "{E1C92E45-1751-4763-8E96-CFC10F4363C4}"
EndProject
Project("{FAE04EC0-301F-11D3-BF4B-00C04F79EFBC}") = "TeduShop.UnitTest", "TeduShop.UnitTest\TeduShop.UnitTest.csproj", "{7F95C83B-DB59-4365-8689-0B8F6640990C}"
EndProject
Project("{FAE04EC0-301F-11D3-BF4B-00C04F79EFBC}") = "UnitTestProject1", "UnitTestProject1\UnitTestProject1.csproj", "{91D985EB-F527-4B48-87EC-52AF785FDCD0}"
EndProject
Global
	GlobalSection(SolutionConfigurationPlatforms) = preSolution
		Debug|Any CPU = Debug|Any CPU
		Release|Any CPU = Release|Any CPU
	EndGlobalSection
	GlobalSection(ProjectConfigurationPlatforms) = postSolution
		{429FD4CF-1F04-41D2-BC33-4BF84948EF74}.Debug|Any CPU.ActiveCfg = Debug|Any CPU
		{429FD4CF-1F04-41D2-BC33-4BF84948EF74}.Debug|Any CPU.Build.0 = Debug|Any CPU
		{429FD4CF-1F04-41D2-BC33-4BF84948EF74}.Release|Any CPU.ActiveCfg = Release|Any CPU
		{429FD4CF-1F04-41D2-BC33-4BF84948EF74}.Release|Any CPU.Build.0 = Release|Any CPU
		{09BC2FCE-A174-4596-88E1-8AF3D1DAB59F}.Debug|Any CPU.ActiveCfg = Debug|Any CPU
		{09BC2FCE-A174-4596-88E1-8AF3D1DAB59F}.Debug|Any CPU.Build.0 = Debug|Any CPU
		{09BC2FCE-A174-4596-88E1-8AF3D1DAB59F}.Release|Any CPU.ActiveCfg = Release|Any CPU
		{09BC2FCE-A174-4596-88E1-8AF3D1DAB59F}.Release|Any CPU.Build.0 = Release|Any CPU
		{AE426257-FA9B-42EC-85E9-6568F2A31A40}.Debug|Any CPU.ActiveCfg = Debug|Any CPU
		{AE426257-FA9B-42EC-85E9-6568F2A31A40}.Debug|Any CPU.Build.0 = Debug|Any CPU
		{AE426257-FA9B-42EC-85E9-6568F2A31A40}.Release|Any CPU.ActiveCfg = Release|Any CPU
		{AE426257-FA9B-42EC-85E9-6568F2A31A40}.Release|Any CPU.Build.0 = Release|Any CPU
		{5629EC2E-B2A3-4802-816E-E3B3EE6D9422}.Debug|Any CPU.ActiveCfg = Debug|Any CPU
		{5629EC2E-B2A3-4802-816E-E3B3EE6D9422}.Debug|Any CPU.Build.0 = Debug|Any CPU
		{5629EC2E-B2A3-4802-816E-E3B3EE6D9422}.Release|Any CPU.ActiveCfg = Release|Any CPU
		{5629EC2E-B2A3-4802-816E-E3B3EE6D9422}.Release|Any CPU.Build.0 = Release|Any CPU
		{E1C92E45-1751-4763-8E96-CFC10F4363C4}.Debug|Any CPU.ActiveCfg = Debug|Any CPU
		{E1C92E45-1751-4763-8E96-CFC10F4363C4}.Debug|Any CPU.Build.0 = Debug|Any CPU
		{E1C92E45-1751-4763-8E96-CFC10F4363C4}.Release|Any CPU.ActiveCfg = Release|Any CPU
		{E1C92E45-1751-4763-8E96-CFC10F4363C4}.Release|Any CPU.Build.0 = Release|Any CPU
		{7F95C83B-DB59-4365-8689-0B8F6640990C}.Debug|Any CPU.ActiveCfg = Debug|Any CPU
		{7F95C83B-DB59-4365-8689-0B8F6640990C}.Debug|Any CPU.Build.0 = Debug|Any CPU
		{7F95C83B-DB59-4365-8689-0B8F6640990C}.Release|Any CPU.ActiveCfg = Release|Any CPU
		{7F95C83B-DB59-4365-8689-0B8F6640990C}.Release|Any CPU.Build.0 = Release|Any CPU
		{91D985EB-F527-4B48-87EC-52AF785FDCD0}.Debug|Any CPU.ActiveCfg = Debug|Any CPU
		{91D985EB-F527-4B48-87EC-52AF785FDCD0}.Debug|Any CPU.Build.0 = Debug|Any CPU
		{91D985EB-F527-4B48-87EC-52AF785FDCD0}.Release|Any CPU.ActiveCfg = Release|Any CPU
		{91D985EB-F527-4B48-87EC-52AF785FDCD0}.Release|Any CPU.Build.0 = Release|Any CPU
	EndGlobalSection
	GlobalSection(SolutionProperties) = preSolution
		HideSolutionNode = FALSE
	EndGlobalSection
	GlobalSection(ExtensibilityGlobals) = postSolution
		SolutionGuid = {4211E3C4-6CDA-4B36-A50B-761A1D8D267D}
	EndGlobalSection
EndGlobal
